
Microsoft Visual Studio Solution File, Format Version 12.00
# Visual Studio 15
VisualStudioVersion = 15.0.27004.2009
MinimumVisualStudioVersion = 10.0.40219.1
Project("{FAE04EC0-301F-11D3-BF4B-00C04F79EFBC}") = "Rabbit", "Rabbit\Rabbit.csproj", "{77F53523-3818-441C-BA98-3A2FA8A3D116}"
EndProject
Project("{FAE04EC0-301F-11D3-BF4B-00C04F79EFBC}") = "Order.Messages", "Order.Messages\Order.Messages.csproj", "{ECE0EB2C-0C4E-4150-9656-B90BC0E5FED8}"
EndProject
Project("{FAE04EC0-301F-11D3-BF4B-00C04F79EFBC}") = "RabbitSubscriber", "RabbitSubscriber\RabbitSubscriber.csproj", "{65FB9E93-7F38-4840-8802-84E80AE0284E}"
EndProject
Project("{E53339B2-1760-4266-BCC7-CA923CBCF16C}") = "docker-compose", "docker-compose.dcproj", "{70D8A091-D863-4976-B648-005A50BA641F}"
EndProject
Global
	GlobalSection(SolutionConfigurationPlatforms) = preSolution
		Debug|Any CPU = Debug|Any CPU
		Release|Any CPU = Release|Any CPU
	EndGlobalSection
	GlobalSection(ProjectConfigurationPlatforms) = postSolution
		{77F53523-3818-441C-BA98-3A2FA8A3D116}.Debug|Any CPU.ActiveCfg = Debug|Any CPU
		{77F53523-3818-441C-BA98-3A2FA8A3D116}.Debug|Any CPU.Build.0 = Debug|Any CPU
		{77F53523-3818-441C-BA98-3A2FA8A3D116}.Release|Any CPU.ActiveCfg = Release|Any CPU
		{77F53523-3818-441C-BA98-3A2FA8A3D116}.Release|Any CPU.Build.0 = Release|Any CPU
		{ECE0EB2C-0C4E-4150-9656-B90BC0E5FED8}.Debug|Any CPU.ActiveCfg = Debug|Any CPU
		{ECE0EB2C-0C4E-4150-9656-B90BC0E5FED8}.Debug|Any CPU.Build.0 = Debug|Any CPU
		{ECE0EB2C-0C4E-4150-9656-B90BC0E5FED8}.Release|Any CPU.ActiveCfg = Release|Any CPU
		{ECE0EB2C-0C4E-4150-9656-B90BC0E5FED8}.Release|Any CPU.Build.0 = Release|Any CPU
		{65FB9E93-7F38-4840-8802-84E80AE0284E}.Debug|Any CPU.ActiveCfg = Debug|Any CPU
		{65FB9E93-7F38-4840-8802-84E80AE0284E}.Debug|Any CPU.Build.0 = Debug|Any CPU
		{65FB9E93-7F38-4840-8802-84E80AE0284E}.Release|Any CPU.ActiveCfg = Release|Any CPU
		{65FB9E93-7F38-4840-8802-84E80AE0284E}.Release|Any CPU.Build.0 = Release|Any CPU
		{70D8A091-D863-4976-B648-005A50BA641F}.Debug|Any CPU.ActiveCfg = Debug|Any CPU
		{70D8A091-D863-4976-B648-005A50BA641F}.Debug|Any CPU.Build.0 = Debug|Any CPU
		{70D8A091-D863-4976-B648-005A50BA641F}.Release|Any CPU.ActiveCfg = Release|Any CPU
		{70D8A091-D863-4976-B648-005A50BA641F}.Release|Any CPU.Build.0 = Release|Any CPU
	EndGlobalSection
	GlobalSection(SolutionProperties) = preSolution
		HideSolutionNode = FALSE
	EndGlobalSection
	GlobalSection(ExtensibilityGlobals) = postSolution
		SolutionGuid = {8FF99DD9-8829-4136-93A2-AB18DC8673E6}
	EndGlobalSection
EndGlobal
